
Microsoft Visual Studio Solution File, Format Version 12.00
Project("{FAE04EC0-301F-11D3-BF4B-00C04F79EFBC}") = "Day1_1", "Day1_1\Day1_1.csproj", "{DECF9FC6-528D-4C66-BCBA-6AD9A2200B90}"
EndProject
Project("{FAE04EC0-301F-11D3-BF4B-00C04F79EFBC}") = "Day1_2", "Day1_2\Day1_2.csproj", "{453E979D-06E1-450E-AE00-734E0B8767B0}"
EndProject
Project("{FAE04EC0-301F-11D3-BF4B-00C04F79EFBC}") = "Day2_1", "Day2_1\Day2_1.csproj", "{6F103916-868C-4C88-A899-A2D97E69A352}"
EndProject
Project("{FAE04EC0-301F-11D3-BF4B-00C04F79EFBC}") = "Day2_2", "Day2_2\Day2_2.csproj", "{4177F402-2649-4A1E-A411-1A675876F439}"
EndProject
Project("{FAE04EC0-301F-11D3-BF4B-00C04F79EFBC}") = "Day3_1", "Day3_1\Day3_1.csproj", "{97689E4B-811D-4DCF-8EBF-E30C07CC9462}"
EndProject
Project("{FAE04EC0-301F-11D3-BF4B-00C04F79EFBC}") = "Day3_2", "Day3_2\Day3_2.csproj", "{C274E786-4A86-4EE0-BE45-10261F0E42A5}"
EndProject
Project("{FAE04EC0-301F-11D3-BF4B-00C04F79EFBC}") = "Day4_1", "Day4_1\Day4_1.csproj", "{732944E0-A744-4754-A36F-918F352DDED4}"
EndProject
Project("{FAE04EC0-301F-11D3-BF4B-00C04F79EFBC}") = "Day4_2", "Day4_2\Day4_2.csproj", "{8BB6C369-B6CB-47BF-9EB2-BDD59B4B76CB}"
EndProject
Project("{FAE04EC0-301F-11D3-BF4B-00C04F79EFBC}") = "Day5_1", "Day5_1\Day5_1.csproj", "{77907A50-314A-439D-A4CC-13F99AE5EA0E}"
EndProject
Project("{FAE04EC0-301F-11D3-BF4B-00C04F79EFBC}") = "Day5_2", "Day5_2\Day5_2.csproj", "{BB5AFE85-1D1E-4ECE-829F-A9D75A50767A}"
EndProject
Project("{FAE04EC0-301F-11D3-BF4B-00C04F79EFBC}") = "Day6_1_2", "Day6_1_2\Day6_1_2.csproj", "{0F480019-173F-4073-AE22-6130F0E019B7}"
EndProject
Project("{FAE04EC0-301F-11D3-BF4B-00C04F79EFBC}") = "Day7_1", "Day7_1\Day7_1.csproj", "{FB60D82B-8740-47D1-B7F1-822FDE369A8E}"
EndProject
Project("{FAE04EC0-301F-11D3-BF4B-00C04F79EFBC}") = "Day7_2", "Day7_2\Day7_2.csproj", "{BBA179A8-FABA-4190-8652-E075B3113C65}"
EndProject
Project("{FAE04EC0-301F-11D3-BF4B-00C04F79EFBC}") = "Day8_1", "Day8_1\Day8_1.csproj", "{B8577737-CF4B-40E1-ABAF-BB88F83066EA}"
EndProject
Project("{FAE04EC0-301F-11D3-BF4B-00C04F79EFBC}") = "Day8_2", "Day8_2\Day8_2.csproj", "{886D7603-22AC-4885-95FB-068EE1868303}"
EndProject
Project("{FAE04EC0-301F-11D3-BF4B-00C04F79EFBC}") = "Day9_1", "Day9_1\Day9_1.csproj", "{FA8AE2EA-AB45-4C11-8B8A-002E47FB5374}"
EndProject
Project("{FAE04EC0-301F-11D3-BF4B-00C04F79EFBC}") = "Day9_2", "Day9_2\Day9_2.csproj", "{CDD331F9-993B-466A-84B8-8E7B276F5404}"
EndProject
Project("{FAE04EC0-301F-11D3-BF4B-00C04F79EFBC}") = "Day10_1", "Day10_1\Day10_1.csproj", "{90EDB25B-5364-4523-B799-902C0B88C6C0}"
EndProject
Project("{FAE04EC0-301F-11D3-BF4B-00C04F79EFBC}") = "Day10_2", "Day10_2\Day10_2.csproj", "{D0B3EE21-9EA6-4D36-AAA4-280F39502688}"
EndProject
Project("{FAE04EC0-301F-11D3-BF4B-00C04F79EFBC}") = "Day11_1", "Day11_1\Day11_1.csproj", "{743ACAFA-0EBB-47BE-8BF5-49A5F4105717}"
EndProject
Project("{FAE04EC0-301F-11D3-BF4B-00C04F79EFBC}") = "Day11_2", "Day11_2\Day11_2.csproj", "{31C57E9E-69E0-4C88-A73D-EAA15A9CA737}"
EndProject
Project("{FAE04EC0-301F-11D3-BF4B-00C04F79EFBC}") = "Day12_1", "Day12_1\Day12_1.csproj", "{814E07DE-04F4-47A8-A8A6-61841E246C1E}"
EndProject
Project("{FAE04EC0-301F-11D3-BF4B-00C04F79EFBC}") = "Day12_2", "Day12_2\Day12_2.csproj", "{B8A2AFF0-0DED-44BD-8EA6-71A64BEA4E72}"
EndProject
Project("{FAE04EC0-301F-11D3-BF4B-00C04F79EFBC}") = "Day13_1_2", "Day13_1_2\Day13_1_2.csproj", "{1331E2D7-6F83-49F5-AF64-2AB2D98E4735}"
EndProject
Project("{FAE04EC0-301F-11D3-BF4B-00C04F79EFBC}") = "Day14_1", "Day14_1\Day14_1.csproj", "{A3F33FF1-4128-4659-8878-DBDC82CA2E89}"
EndProject
Project("{FAE04EC0-301F-11D3-BF4B-00C04F79EFBC}") = "Day15_1", "Day15_1\Day15_1.csproj", "{8C4D8E52-758D-4995-BF46-ED1BE1CEC35F}"
EndProject
Project("{FAE04EC0-301F-11D3-BF4B-00C04F79EFBC}") = "Day15_2", "Day15_2\Day15_2.csproj", "{B23F3115-66A7-4E94-ACE6-1D6E325F97E4}"
EndProject
Project("{FAE04EC0-301F-11D3-BF4B-00C04F79EFBC}") = "Day16_1_2", "Day16_1_2\Day16_1_2.csproj", "{CF407DA5-C62A-4353-B5C0-8C3CA9949404}"
EndProject
Project("{FAE04EC0-301F-11D3-BF4B-00C04F79EFBC}") = "Day17_1", "Day17_1\Day17_1.csproj", "{82E7FA5D-A508-4CE9-A365-9F4BA9BBC300}"
EndProject
Project("{FAE04EC0-301F-11D3-BF4B-00C04F79EFBC}") = "Day17_2", "Day17_2\Day17_2.csproj", "{BA592AE9-3DB4-4826-A90E-553DB517A9C4}"
EndProject
Project("{FAE04EC0-301F-11D3-BF4B-00C04F79EFBC}") = "Day18_1", "Day18_1\Day18_1.csproj", "{5BF10AD3-6580-4AE4-B544-0D804AA7FC22}"
EndProject
Project("{FAE04EC0-301F-11D3-BF4B-00C04F79EFBC}") = "Day18_2", "Day18_2\Day18_2.csproj", "{B50BCBC5-1ABA-4C12-9164-61954F914966}"
EndProject
Project("{FAE04EC0-301F-11D3-BF4B-00C04F79EFBC}") = "Day19_1", "Day19_1\Day19_1.csproj", "{9FD391D6-8E92-4BBF-8EDA-5D29365E524A}"
EndProject
Project("{FAE04EC0-301F-11D3-BF4B-00C04F79EFBC}") = "Day19_2", "Day19_2\Day19_2.csproj", "{8802267E-D63F-4FFC-9BBF-315BBDB39F19}"
EndProject
Project("{FAE04EC0-301F-11D3-BF4B-00C04F79EFBC}") = "Day20_1_2", "Day20_1_2\Day20_1_2.csproj", "{E857360F-D346-46EA-A147-17323858C000}"
EndProject
Project("{FAE04EC0-301F-11D3-BF4B-00C04F79EFBC}") = "Day21_1", "Day21_1\Day21_1.csproj", "{E53D9094-B4C1-47C7-B7B7-5EE490E3A56F}"
EndProject
Project("{FAE04EC0-301F-11D3-BF4B-00C04F79EFBC}") = "Day21_2", "Day21_2\Day21_2.csproj", "{8C220AD6-B4EB-4A64-B281-FA6107F59EEB}"
EndProject
Project("{FAE04EC0-301F-11D3-BF4B-00C04F79EFBC}") = "Day22_1", "Day22_1\Day22_1.csproj", "{1516AE40-8F08-44F4-8FE9-B32FFC6705B5}"
EndProject
Project("{FAE04EC0-301F-11D3-BF4B-00C04F79EFBC}") = "Day23_1", "Day23_1\Day23_1.csproj", "{B842FF4F-A4C7-46E7-8851-802FE4185CFE}"
EndProject
Project("{FAE04EC0-301F-11D3-BF4B-00C04F79EFBC}") = "Day23_2", "Day23_2\Day23_2.csproj", "{8B7D67C7-4424-4881-AB92-CF863523E0AA}"
EndProject
Project("{FAE04EC0-301F-11D3-BF4B-00C04F79EFBC}") = "Day24_1", "Day24_1\Day24_1.csproj", "{95911C40-BF7F-4C6F-AAD2-FA6A7C1FD967}"
EndProject
Project("{FAE04EC0-301F-11D3-BF4B-00C04F79EFBC}") = "Day25_1", "Day25_1\Day25_1.csproj", "{321202C0-3234-4641-A7F6-922F63F5208E}"
EndProject
Global
	GlobalSection(SolutionConfigurationPlatforms) = preSolution
		Debug|Any CPU = Debug|Any CPU
		Release|Any CPU = Release|Any CPU
	EndGlobalSection
	GlobalSection(ProjectConfigurationPlatforms) = postSolution
		{DECF9FC6-528D-4C66-BCBA-6AD9A2200B90}.Debug|Any CPU.ActiveCfg = Debug|Any CPU
		{DECF9FC6-528D-4C66-BCBA-6AD9A2200B90}.Debug|Any CPU.Build.0 = Debug|Any CPU
		{DECF9FC6-528D-4C66-BCBA-6AD9A2200B90}.Release|Any CPU.ActiveCfg = Release|Any CPU
		{DECF9FC6-528D-4C66-BCBA-6AD9A2200B90}.Release|Any CPU.Build.0 = Release|Any CPU
		{453E979D-06E1-450E-AE00-734E0B8767B0}.Debug|Any CPU.ActiveCfg = Debug|Any CPU
		{453E979D-06E1-450E-AE00-734E0B8767B0}.Debug|Any CPU.Build.0 = Debug|Any CPU
		{453E979D-06E1-450E-AE00-734E0B8767B0}.Release|Any CPU.ActiveCfg = Release|Any CPU
		{453E979D-06E1-450E-AE00-734E0B8767B0}.Release|Any CPU.Build.0 = Release|Any CPU
		{6F103916-868C-4C88-A899-A2D97E69A352}.Debug|Any CPU.ActiveCfg = Debug|Any CPU
		{6F103916-868C-4C88-A899-A2D97E69A352}.Debug|Any CPU.Build.0 = Debug|Any CPU
		{6F103916-868C-4C88-A899-A2D97E69A352}.Release|Any CPU.ActiveCfg = Release|Any CPU
		{6F103916-868C-4C88-A899-A2D97E69A352}.Release|Any CPU.Build.0 = Release|Any CPU
		{4177F402-2649-4A1E-A411-1A675876F439}.Debug|Any CPU.ActiveCfg = Debug|Any CPU
		{4177F402-2649-4A1E-A411-1A675876F439}.Debug|Any CPU.Build.0 = Debug|Any CPU
		{4177F402-2649-4A1E-A411-1A675876F439}.Release|Any CPU.ActiveCfg = Release|Any CPU
		{4177F402-2649-4A1E-A411-1A675876F439}.Release|Any CPU.Build.0 = Release|Any CPU
		{97689E4B-811D-4DCF-8EBF-E30C07CC9462}.Debug|Any CPU.ActiveCfg = Debug|Any CPU
		{97689E4B-811D-4DCF-8EBF-E30C07CC9462}.Debug|Any CPU.Build.0 = Debug|Any CPU
		{97689E4B-811D-4DCF-8EBF-E30C07CC9462}.Release|Any CPU.ActiveCfg = Release|Any CPU
		{97689E4B-811D-4DCF-8EBF-E30C07CC9462}.Release|Any CPU.Build.0 = Release|Any CPU
		{C274E786-4A86-4EE0-BE45-10261F0E42A5}.Debug|Any CPU.ActiveCfg = Debug|Any CPU
		{C274E786-4A86-4EE0-BE45-10261F0E42A5}.Debug|Any CPU.Build.0 = Debug|Any CPU
		{C274E786-4A86-4EE0-BE45-10261F0E42A5}.Release|Any CPU.ActiveCfg = Release|Any CPU
		{C274E786-4A86-4EE0-BE45-10261F0E42A5}.Release|Any CPU.Build.0 = Release|Any CPU
		{732944E0-A744-4754-A36F-918F352DDED4}.Debug|Any CPU.ActiveCfg = Debug|Any CPU
		{732944E0-A744-4754-A36F-918F352DDED4}.Debug|Any CPU.Build.0 = Debug|Any CPU
		{732944E0-A744-4754-A36F-918F352DDED4}.Release|Any CPU.ActiveCfg = Release|Any CPU
		{732944E0-A744-4754-A36F-918F352DDED4}.Release|Any CPU.Build.0 = Release|Any CPU
		{8BB6C369-B6CB-47BF-9EB2-BDD59B4B76CB}.Debug|Any CPU.ActiveCfg = Debug|Any CPU
		{8BB6C369-B6CB-47BF-9EB2-BDD59B4B76CB}.Debug|Any CPU.Build.0 = Debug|Any CPU
		{8BB6C369-B6CB-47BF-9EB2-BDD59B4B76CB}.Release|Any CPU.ActiveCfg = Release|Any CPU
		{8BB6C369-B6CB-47BF-9EB2-BDD59B4B76CB}.Release|Any CPU.Build.0 = Release|Any CPU
		{77907A50-314A-439D-A4CC-13F99AE5EA0E}.Debug|Any CPU.ActiveCfg = Debug|Any CPU
		{77907A50-314A-439D-A4CC-13F99AE5EA0E}.Debug|Any CPU.Build.0 = Debug|Any CPU
		{77907A50-314A-439D-A4CC-13F99AE5EA0E}.Release|Any CPU.ActiveCfg = Release|Any CPU
		{77907A50-314A-439D-A4CC-13F99AE5EA0E}.Release|Any CPU.Build.0 = Release|Any CPU
		{BB5AFE85-1D1E-4ECE-829F-A9D75A50767A}.Debug|Any CPU.ActiveCfg = Debug|Any CPU
		{BB5AFE85-1D1E-4ECE-829F-A9D75A50767A}.Debug|Any CPU.Build.0 = Debug|Any CPU
		{BB5AFE85-1D1E-4ECE-829F-A9D75A50767A}.Release|Any CPU.ActiveCfg = Release|Any CPU
		{BB5AFE85-1D1E-4ECE-829F-A9D75A50767A}.Release|Any CPU.Build.0 = Release|Any CPU
		{0F480019-173F-4073-AE22-6130F0E019B7}.Debug|Any CPU.ActiveCfg = Debug|Any CPU
		{0F480019-173F-4073-AE22-6130F0E019B7}.Debug|Any CPU.Build.0 = Debug|Any CPU
		{0F480019-173F-4073-AE22-6130F0E019B7}.Release|Any CPU.ActiveCfg = Release|Any CPU
		{0F480019-173F-4073-AE22-6130F0E019B7}.Release|Any CPU.Build.0 = Release|Any CPU
		{FB60D82B-8740-47D1-B7F1-822FDE369A8E}.Debug|Any CPU.ActiveCfg = Debug|Any CPU
		{FB60D82B-8740-47D1-B7F1-822FDE369A8E}.Debug|Any CPU.Build.0 = Debug|Any CPU
		{FB60D82B-8740-47D1-B7F1-822FDE369A8E}.Release|Any CPU.ActiveCfg = Release|Any CPU
		{FB60D82B-8740-47D1-B7F1-822FDE369A8E}.Release|Any CPU.Build.0 = Release|Any CPU
		{BBA179A8-FABA-4190-8652-E075B3113C65}.Debug|Any CPU.ActiveCfg = Debug|Any CPU
		{BBA179A8-FABA-4190-8652-E075B3113C65}.Debug|Any CPU.Build.0 = Debug|Any CPU
		{BBA179A8-FABA-4190-8652-E075B3113C65}.Release|Any CPU.ActiveCfg = Release|Any CPU
		{BBA179A8-FABA-4190-8652-E075B3113C65}.Release|Any CPU.Build.0 = Release|Any CPU
		{B8577737-CF4B-40E1-ABAF-BB88F83066EA}.Debug|Any CPU.ActiveCfg = Debug|Any CPU
		{B8577737-CF4B-40E1-ABAF-BB88F83066EA}.Debug|Any CPU.Build.0 = Debug|Any CPU
		{B8577737-CF4B-40E1-ABAF-BB88F83066EA}.Release|Any CPU.ActiveCfg = Release|Any CPU
		{B8577737-CF4B-40E1-ABAF-BB88F83066EA}.Release|Any CPU.Build.0 = Release|Any CPU
		{886D7603-22AC-4885-95FB-068EE1868303}.Debug|Any CPU.ActiveCfg = Debug|Any CPU
		{886D7603-22AC-4885-95FB-068EE1868303}.Debug|Any CPU.Build.0 = Debug|Any CPU
		{886D7603-22AC-4885-95FB-068EE1868303}.Release|Any CPU.ActiveCfg = Release|Any CPU
		{886D7603-22AC-4885-95FB-068EE1868303}.Release|Any CPU.Build.0 = Release|Any CPU
		{FA8AE2EA-AB45-4C11-8B8A-002E47FB5374}.Debug|Any CPU.ActiveCfg = Debug|Any CPU
		{FA8AE2EA-AB45-4C11-8B8A-002E47FB5374}.Debug|Any CPU.Build.0 = Debug|Any CPU
		{FA8AE2EA-AB45-4C11-8B8A-002E47FB5374}.Release|Any CPU.ActiveCfg = Release|Any CPU
		{FA8AE2EA-AB45-4C11-8B8A-002E47FB5374}.Release|Any CPU.Build.0 = Release|Any CPU
		{CDD331F9-993B-466A-84B8-8E7B276F5404}.Debug|Any CPU.ActiveCfg = Debug|Any CPU
		{CDD331F9-993B-466A-84B8-8E7B276F5404}.Debug|Any CPU.Build.0 = Debug|Any CPU
		{CDD331F9-993B-466A-84B8-8E7B276F5404}.Release|Any CPU.ActiveCfg = Release|Any CPU
		{CDD331F9-993B-466A-84B8-8E7B276F5404}.Release|Any CPU.Build.0 = Release|Any CPU
		{90EDB25B-5364-4523-B799-902C0B88C6C0}.Debug|Any CPU.ActiveCfg = Debug|Any CPU
		{90EDB25B-5364-4523-B799-902C0B88C6C0}.Debug|Any CPU.Build.0 = Debug|Any CPU
		{90EDB25B-5364-4523-B799-902C0B88C6C0}.Release|Any CPU.ActiveCfg = Release|Any CPU
		{90EDB25B-5364-4523-B799-902C0B88C6C0}.Release|Any CPU.Build.0 = Release|Any CPU
		{D0B3EE21-9EA6-4D36-AAA4-280F39502688}.Debug|Any CPU.ActiveCfg = Debug|Any CPU
		{D0B3EE21-9EA6-4D36-AAA4-280F39502688}.Debug|Any CPU.Build.0 = Debug|Any CPU
		{D0B3EE21-9EA6-4D36-AAA4-280F39502688}.Release|Any CPU.ActiveCfg = Release|Any CPU
		{D0B3EE21-9EA6-4D36-AAA4-280F39502688}.Release|Any CPU.Build.0 = Release|Any CPU
		{743ACAFA-0EBB-47BE-8BF5-49A5F4105717}.Debug|Any CPU.ActiveCfg = Debug|Any CPU
		{743ACAFA-0EBB-47BE-8BF5-49A5F4105717}.Debug|Any CPU.Build.0 = Debug|Any CPU
		{743ACAFA-0EBB-47BE-8BF5-49A5F4105717}.Release|Any CPU.ActiveCfg = Release|Any CPU
		{743ACAFA-0EBB-47BE-8BF5-49A5F4105717}.Release|Any CPU.Build.0 = Release|Any CPU
		{31C57E9E-69E0-4C88-A73D-EAA15A9CA737}.Debug|Any CPU.ActiveCfg = Debug|Any CPU
		{31C57E9E-69E0-4C88-A73D-EAA15A9CA737}.Debug|Any CPU.Build.0 = Debug|Any CPU
		{31C57E9E-69E0-4C88-A73D-EAA15A9CA737}.Release|Any CPU.ActiveCfg = Release|Any CPU
		{31C57E9E-69E0-4C88-A73D-EAA15A9CA737}.Release|Any CPU.Build.0 = Release|Any CPU
		{814E07DE-04F4-47A8-A8A6-61841E246C1E}.Debug|Any CPU.ActiveCfg = Debug|Any CPU
		{814E07DE-04F4-47A8-A8A6-61841E246C1E}.Debug|Any CPU.Build.0 = Debug|Any CPU
		{814E07DE-04F4-47A8-A8A6-61841E246C1E}.Release|Any CPU.ActiveCfg = Release|Any CPU
		{814E07DE-04F4-47A8-A8A6-61841E246C1E}.Release|Any CPU.Build.0 = Release|Any CPU
		{B8A2AFF0-0DED-44BD-8EA6-71A64BEA4E72}.Debug|Any CPU.ActiveCfg = Debug|Any CPU
		{B8A2AFF0-0DED-44BD-8EA6-71A64BEA4E72}.Debug|Any CPU.Build.0 = Debug|Any CPU
		{B8A2AFF0-0DED-44BD-8EA6-71A64BEA4E72}.Release|Any CPU.ActiveCfg = Release|Any CPU
		{B8A2AFF0-0DED-44BD-8EA6-71A64BEA4E72}.Release|Any CPU.Build.0 = Release|Any CPU
		{1331E2D7-6F83-49F5-AF64-2AB2D98E4735}.Debug|Any CPU.ActiveCfg = Debug|Any CPU
		{1331E2D7-6F83-49F5-AF64-2AB2D98E4735}.Debug|Any CPU.Build.0 = Debug|Any CPU
		{1331E2D7-6F83-49F5-AF64-2AB2D98E4735}.Release|Any CPU.ActiveCfg = Release|Any CPU
		{1331E2D7-6F83-49F5-AF64-2AB2D98E4735}.Release|Any CPU.Build.0 = Release|Any CPU
		{A3F33FF1-4128-4659-8878-DBDC82CA2E89}.Debug|Any CPU.ActiveCfg = Debug|Any CPU
		{A3F33FF1-4128-4659-8878-DBDC82CA2E89}.Debug|Any CPU.Build.0 = Debug|Any CPU
		{A3F33FF1-4128-4659-8878-DBDC82CA2E89}.Release|Any CPU.ActiveCfg = Release|Any CPU
		{A3F33FF1-4128-4659-8878-DBDC82CA2E89}.Release|Any CPU.Build.0 = Release|Any CPU
		{8C4D8E52-758D-4995-BF46-ED1BE1CEC35F}.Debug|Any CPU.ActiveCfg = Debug|Any CPU
		{8C4D8E52-758D-4995-BF46-ED1BE1CEC35F}.Debug|Any CPU.Build.0 = Debug|Any CPU
		{8C4D8E52-758D-4995-BF46-ED1BE1CEC35F}.Release|Any CPU.ActiveCfg = Release|Any CPU
		{8C4D8E52-758D-4995-BF46-ED1BE1CEC35F}.Release|Any CPU.Build.0 = Release|Any CPU
		{B23F3115-66A7-4E94-ACE6-1D6E325F97E4}.Debug|Any CPU.ActiveCfg = Debug|Any CPU
		{B23F3115-66A7-4E94-ACE6-1D6E325F97E4}.Debug|Any CPU.Build.0 = Debug|Any CPU
		{B23F3115-66A7-4E94-ACE6-1D6E325F97E4}.Release|Any CPU.ActiveCfg = Release|Any CPU
		{B23F3115-66A7-4E94-ACE6-1D6E325F97E4}.Release|Any CPU.Build.0 = Release|Any CPU
		{CF407DA5-C62A-4353-B5C0-8C3CA9949404}.Debug|Any CPU.ActiveCfg = Debug|Any CPU
		{CF407DA5-C62A-4353-B5C0-8C3CA9949404}.Debug|Any CPU.Build.0 = Debug|Any CPU
		{CF407DA5-C62A-4353-B5C0-8C3CA9949404}.Release|Any CPU.ActiveCfg = Release|Any CPU
		{CF407DA5-C62A-4353-B5C0-8C3CA9949404}.Release|Any CPU.Build.0 = Release|Any CPU
		{82E7FA5D-A508-4CE9-A365-9F4BA9BBC300}.Debug|Any CPU.ActiveCfg = Debug|Any CPU
		{82E7FA5D-A508-4CE9-A365-9F4BA9BBC300}.Debug|Any CPU.Build.0 = Debug|Any CPU
		{82E7FA5D-A508-4CE9-A365-9F4BA9BBC300}.Release|Any CPU.ActiveCfg = Release|Any CPU
		{82E7FA5D-A508-4CE9-A365-9F4BA9BBC300}.Release|Any CPU.Build.0 = Release|Any CPU
		{BA592AE9-3DB4-4826-A90E-553DB517A9C4}.Debug|Any CPU.ActiveCfg = Debug|Any CPU
		{BA592AE9-3DB4-4826-A90E-553DB517A9C4}.Debug|Any CPU.Build.0 = Debug|Any CPU
		{BA592AE9-3DB4-4826-A90E-553DB517A9C4}.Release|Any CPU.ActiveCfg = Release|Any CPU
		{BA592AE9-3DB4-4826-A90E-553DB517A9C4}.Release|Any CPU.Build.0 = Release|Any CPU
		{5BF10AD3-6580-4AE4-B544-0D804AA7FC22}.Debug|Any CPU.ActiveCfg = Debug|Any CPU
		{5BF10AD3-6580-4AE4-B544-0D804AA7FC22}.Debug|Any CPU.Build.0 = Debug|Any CPU
		{5BF10AD3-6580-4AE4-B544-0D804AA7FC22}.Release|Any CPU.ActiveCfg = Release|Any CPU
		{5BF10AD3-6580-4AE4-B544-0D804AA7FC22}.Release|Any CPU.Build.0 = Release|Any CPU
		{B50BCBC5-1ABA-4C12-9164-61954F914966}.Debug|Any CPU.ActiveCfg = Debug|Any CPU
		{B50BCBC5-1ABA-4C12-9164-61954F914966}.Debug|Any CPU.Build.0 = Debug|Any CPU
		{B50BCBC5-1ABA-4C12-9164-61954F914966}.Release|Any CPU.ActiveCfg = Release|Any CPU
		{B50BCBC5-1ABA-4C12-9164-61954F914966}.Release|Any CPU.Build.0 = Release|Any CPU
		{9FD391D6-8E92-4BBF-8EDA-5D29365E524A}.Debug|Any CPU.ActiveCfg = Debug|Any CPU
		{9FD391D6-8E92-4BBF-8EDA-5D29365E524A}.Debug|Any CPU.Build.0 = Debug|Any CPU
		{9FD391D6-8E92-4BBF-8EDA-5D29365E524A}.Release|Any CPU.ActiveCfg = Release|Any CPU
		{9FD391D6-8E92-4BBF-8EDA-5D29365E524A}.Release|Any CPU.Build.0 = Release|Any CPU
		{8802267E-D63F-4FFC-9BBF-315BBDB39F19}.Debug|Any CPU.ActiveCfg = Debug|Any CPU
		{8802267E-D63F-4FFC-9BBF-315BBDB39F19}.Debug|Any CPU.Build.0 = Debug|Any CPU
		{8802267E-D63F-4FFC-9BBF-315BBDB39F19}.Release|Any CPU.ActiveCfg = Release|Any CPU
		{8802267E-D63F-4FFC-9BBF-315BBDB39F19}.Release|Any CPU.Build.0 = Release|Any CPU
		{E857360F-D346-46EA-A147-17323858C000}.Debug|Any CPU.ActiveCfg = Debug|Any CPU
		{E857360F-D346-46EA-A147-17323858C000}.Debug|Any CPU.Build.0 = Debug|Any CPU
		{E857360F-D346-46EA-A147-17323858C000}.Release|Any CPU.ActiveCfg = Release|Any CPU
		{E857360F-D346-46EA-A147-17323858C000}.Release|Any CPU.Build.0 = Release|Any CPU
		{E53D9094-B4C1-47C7-B7B7-5EE490E3A56F}.Debug|Any CPU.ActiveCfg = Debug|Any CPU
		{E53D9094-B4C1-47C7-B7B7-5EE490E3A56F}.Debug|Any CPU.Build.0 = Debug|Any CPU
		{E53D9094-B4C1-47C7-B7B7-5EE490E3A56F}.Release|Any CPU.ActiveCfg = Release|Any CPU
		{E53D9094-B4C1-47C7-B7B7-5EE490E3A56F}.Release|Any CPU.Build.0 = Release|Any CPU
		{8C220AD6-B4EB-4A64-B281-FA6107F59EEB}.Debug|Any CPU.ActiveCfg = Debug|Any CPU
		{8C220AD6-B4EB-4A64-B281-FA6107F59EEB}.Debug|Any CPU.Build.0 = Debug|Any CPU
		{8C220AD6-B4EB-4A64-B281-FA6107F59EEB}.Release|Any CPU.ActiveCfg = Release|Any CPU
		{8C220AD6-B4EB-4A64-B281-FA6107F59EEB}.Release|Any CPU.Build.0 = Release|Any CPU
		{1516AE40-8F08-44F4-8FE9-B32FFC6705B5}.Debug|Any CPU.ActiveCfg = Debug|Any CPU
		{1516AE40-8F08-44F4-8FE9-B32FFC6705B5}.Debug|Any CPU.Build.0 = Debug|Any CPU
		{1516AE40-8F08-44F4-8FE9-B32FFC6705B5}.Release|Any CPU.ActiveCfg = Release|Any CPU
		{1516AE40-8F08-44F4-8FE9-B32FFC6705B5}.Release|Any CPU.Build.0 = Release|Any CPU
		{B842FF4F-A4C7-46E7-8851-802FE4185CFE}.Debug|Any CPU.ActiveCfg = Debug|Any CPU
		{B842FF4F-A4C7-46E7-8851-802FE4185CFE}.Debug|Any CPU.Build.0 = Debug|Any CPU
		{B842FF4F-A4C7-46E7-8851-802FE4185CFE}.Release|Any CPU.ActiveCfg = Release|Any CPU
		{B842FF4F-A4C7-46E7-8851-802FE4185CFE}.Release|Any CPU.Build.0 = Release|Any CPU
		{8B7D67C7-4424-4881-AB92-CF863523E0AA}.Debug|Any CPU.ActiveCfg = Debug|Any CPU
		{8B7D67C7-4424-4881-AB92-CF863523E0AA}.Debug|Any CPU.Build.0 = Debug|Any CPU
		{8B7D67C7-4424-4881-AB92-CF863523E0AA}.Release|Any CPU.ActiveCfg = Release|Any CPU
		{8B7D67C7-4424-4881-AB92-CF863523E0AA}.Release|Any CPU.Build.0 = Release|Any CPU
		{95911C40-BF7F-4C6F-AAD2-FA6A7C1FD967}.Debug|Any CPU.ActiveCfg = Debug|Any CPU
		{95911C40-BF7F-4C6F-AAD2-FA6A7C1FD967}.Debug|Any CPU.Build.0 = Debug|Any CPU
		{95911C40-BF7F-4C6F-AAD2-FA6A7C1FD967}.Release|Any CPU.ActiveCfg = Release|Any CPU
		{95911C40-BF7F-4C6F-AAD2-FA6A7C1FD967}.Release|Any CPU.Build.0 = Release|Any CPU
		{321202C0-3234-4641-A7F6-922F63F5208E}.Debug|Any CPU.ActiveCfg = Debug|Any CPU
		{321202C0-3234-4641-A7F6-922F63F5208E}.Debug|Any CPU.Build.0 = Debug|Any CPU
		{321202C0-3234-4641-A7F6-922F63F5208E}.Release|Any CPU.ActiveCfg = Release|Any CPU
		{321202C0-3234-4641-A7F6-922F63F5208E}.Release|Any CPU.Build.0 = Release|Any CPU
	EndGlobalSection
EndGlobal
