
Microsoft Visual Studio Solution File, Format Version 12.00
Project("{FAE04EC0-301F-11D3-BF4B-00C04F79EFBC}") = "Day1_1", "Day1_1\Day1_1.csproj", "{DECF9FC6-528D-4C66-BCBA-6AD9A2200B90}"
EndProject
Project("{FAE04EC0-301F-11D3-BF4B-00C04F79EFBC}") = "Day1_2", "Day1_2\Day1_2.csproj", "{453E979D-06E1-450E-AE00-734E0B8767B0}"
EndProject
Project("{FAE04EC0-301F-11D3-BF4B-00C04F79EFBC}") = "Day2_1", "Day2_1\Day2_1.csproj", "{6F103916-868C-4C88-A899-A2D97E69A352}"
EndProject
Project("{FAE04EC0-301F-11D3-BF4B-00C04F79EFBC}") = "Day2_2", "Day2_2\Day2_2.csproj", "{4177F402-2649-4A1E-A411-1A675876F439}"
EndProject
Project("{FAE04EC0-301F-11D3-BF4B-00C04F79EFBC}") = "Day3_1", "Day3_1\Day3_1.csproj", "{97689E4B-811D-4DCF-8EBF-E30C07CC9462}"
EndProject
Project("{FAE04EC0-301F-11D3-BF4B-00C04F79EFBC}") = "Day3_2", "Day3_2\Day3_2.csproj", "{C274E786-4A86-4EE0-BE45-10261F0E42A5}"
EndProject
Project("{FAE04EC0-301F-11D3-BF4B-00C04F79EFBC}") = "Day4_1", "Day4_1\Day4_1.csproj", "{732944E0-A744-4754-A36F-918F352DDED4}"
EndProject
Project("{FAE04EC0-301F-11D3-BF4B-00C04F79EFBC}") = "Day4_2", "Day4_2\Day4_2.csproj", "{8BB6C369-B6CB-47BF-9EB2-BDD59B4B76CB}"
EndProject
Project("{FAE04EC0-301F-11D3-BF4B-00C04F79EFBC}") = "Day5_1", "Day5_1\Day5_1.csproj", "{77907A50-314A-439D-A4CC-13F99AE5EA0E}"
EndProject
Project("{FAE04EC0-301F-11D3-BF4B-00C04F79EFBC}") = "Day5_2", "Day5_2\Day5_2.csproj", "{BB5AFE85-1D1E-4ECE-829F-A9D75A50767A}"
EndProject
Global
	GlobalSection(SolutionConfigurationPlatforms) = preSolution
		Debug|Any CPU = Debug|Any CPU
		Release|Any CPU = Release|Any CPU
	EndGlobalSection
	GlobalSection(ProjectConfigurationPlatforms) = postSolution
		{DECF9FC6-528D-4C66-BCBA-6AD9A2200B90}.Debug|Any CPU.ActiveCfg = Debug|Any CPU
		{DECF9FC6-528D-4C66-BCBA-6AD9A2200B90}.Debug|Any CPU.Build.0 = Debug|Any CPU
		{DECF9FC6-528D-4C66-BCBA-6AD9A2200B90}.Release|Any CPU.ActiveCfg = Release|Any CPU
		{DECF9FC6-528D-4C66-BCBA-6AD9A2200B90}.Release|Any CPU.Build.0 = Release|Any CPU
		{453E979D-06E1-450E-AE00-734E0B8767B0}.Debug|Any CPU.ActiveCfg = Debug|Any CPU
		{453E979D-06E1-450E-AE00-734E0B8767B0}.Debug|Any CPU.Build.0 = Debug|Any CPU
		{453E979D-06E1-450E-AE00-734E0B8767B0}.Release|Any CPU.ActiveCfg = Release|Any CPU
		{453E979D-06E1-450E-AE00-734E0B8767B0}.Release|Any CPU.Build.0 = Release|Any CPU
		{6F103916-868C-4C88-A899-A2D97E69A352}.Debug|Any CPU.ActiveCfg = Debug|Any CPU
		{6F103916-868C-4C88-A899-A2D97E69A352}.Debug|Any CPU.Build.0 = Debug|Any CPU
		{6F103916-868C-4C88-A899-A2D97E69A352}.Release|Any CPU.ActiveCfg = Release|Any CPU
		{6F103916-868C-4C88-A899-A2D97E69A352}.Release|Any CPU.Build.0 = Release|Any CPU
		{4177F402-2649-4A1E-A411-1A675876F439}.Debug|Any CPU.ActiveCfg = Debug|Any CPU
		{4177F402-2649-4A1E-A411-1A675876F439}.Debug|Any CPU.Build.0 = Debug|Any CPU
		{4177F402-2649-4A1E-A411-1A675876F439}.Release|Any CPU.ActiveCfg = Release|Any CPU
		{4177F402-2649-4A1E-A411-1A675876F439}.Release|Any CPU.Build.0 = Release|Any CPU
		{97689E4B-811D-4DCF-8EBF-E30C07CC9462}.Debug|Any CPU.ActiveCfg = Debug|Any CPU
		{97689E4B-811D-4DCF-8EBF-E30C07CC9462}.Debug|Any CPU.Build.0 = Debug|Any CPU
		{97689E4B-811D-4DCF-8EBF-E30C07CC9462}.Release|Any CPU.ActiveCfg = Release|Any CPU
		{97689E4B-811D-4DCF-8EBF-E30C07CC9462}.Release|Any CPU.Build.0 = Release|Any CPU
		{C274E786-4A86-4EE0-BE45-10261F0E42A5}.Debug|Any CPU.ActiveCfg = Debug|Any CPU
		{C274E786-4A86-4EE0-BE45-10261F0E42A5}.Debug|Any CPU.Build.0 = Debug|Any CPU
		{C274E786-4A86-4EE0-BE45-10261F0E42A5}.Release|Any CPU.ActiveCfg = Release|Any CPU
		{C274E786-4A86-4EE0-BE45-10261F0E42A5}.Release|Any CPU.Build.0 = Release|Any CPU
		{732944E0-A744-4754-A36F-918F352DDED4}.Debug|Any CPU.ActiveCfg = Debug|Any CPU
		{732944E0-A744-4754-A36F-918F352DDED4}.Debug|Any CPU.Build.0 = Debug|Any CPU
		{732944E0-A744-4754-A36F-918F352DDED4}.Release|Any CPU.ActiveCfg = Release|Any CPU
		{732944E0-A744-4754-A36F-918F352DDED4}.Release|Any CPU.Build.0 = Release|Any CPU
		{8BB6C369-B6CB-47BF-9EB2-BDD59B4B76CB}.Debug|Any CPU.ActiveCfg = Debug|Any CPU
		{8BB6C369-B6CB-47BF-9EB2-BDD59B4B76CB}.Debug|Any CPU.Build.0 = Debug|Any CPU
		{8BB6C369-B6CB-47BF-9EB2-BDD59B4B76CB}.Release|Any CPU.ActiveCfg = Release|Any CPU
		{8BB6C369-B6CB-47BF-9EB2-BDD59B4B76CB}.Release|Any CPU.Build.0 = Release|Any CPU
		{77907A50-314A-439D-A4CC-13F99AE5EA0E}.Debug|Any CPU.ActiveCfg = Debug|Any CPU
		{77907A50-314A-439D-A4CC-13F99AE5EA0E}.Debug|Any CPU.Build.0 = Debug|Any CPU
		{77907A50-314A-439D-A4CC-13F99AE5EA0E}.Release|Any CPU.ActiveCfg = Release|Any CPU
		{77907A50-314A-439D-A4CC-13F99AE5EA0E}.Release|Any CPU.Build.0 = Release|Any CPU
		{BB5AFE85-1D1E-4ECE-829F-A9D75A50767A}.Debug|Any CPU.ActiveCfg = Debug|Any CPU
		{BB5AFE85-1D1E-4ECE-829F-A9D75A50767A}.Debug|Any CPU.Build.0 = Debug|Any CPU
		{BB5AFE85-1D1E-4ECE-829F-A9D75A50767A}.Release|Any CPU.ActiveCfg = Release|Any CPU
		{BB5AFE85-1D1E-4ECE-829F-A9D75A50767A}.Release|Any CPU.Build.0 = Release|Any CPU
	EndGlobalSection
EndGlobal
